
Microsoft Visual Studio Solution File, Format Version 12.00
# Visual Studio 15
VisualStudioVersion = 15.0.27703.2042
MinimumVisualStudioVersion = 10.0.40219.1
Project("{FAE04EC0-301F-11D3-BF4B-00C04F79EFBC}") = "MySearch", "MySearch\MySearch.csproj", "{5D77BCB9-4056-4108-B76F-25991666CC07}"
EndProject
Project("{FAE04EC0-301F-11D3-BF4B-00C04F79EFBC}") = "OSG.Search", "OSG.Search\OSG.Search.csproj", "{C60AEB20-769B-4714-93E0-7C93A98D0C0A}"
EndProject
Project("{FAE04EC0-301F-11D3-BF4B-00C04F79EFBC}") = "EPiServer.Search", "EPiServer.Search\EPiServer.Search.csproj", "{ED6E15DB-EBDC-443C-AA5C-256A2A7A6D95}"
EndProject
Global
	GlobalSection(SolutionConfigurationPlatforms) = preSolution
		Debug|Any CPU = Debug|Any CPU
		Release|Any CPU = Release|Any CPU
	EndGlobalSection
	GlobalSection(ProjectConfigurationPlatforms) = postSolution
		{5D77BCB9-4056-4108-B76F-25991666CC07}.Debug|Any CPU.ActiveCfg = Debug|Any CPU
		{5D77BCB9-4056-4108-B76F-25991666CC07}.Debug|Any CPU.Build.0 = Debug|Any CPU
		{5D77BCB9-4056-4108-B76F-25991666CC07}.Release|Any CPU.ActiveCfg = Release|Any CPU
		{5D77BCB9-4056-4108-B76F-25991666CC07}.Release|Any CPU.Build.0 = Release|Any CPU
		{C60AEB20-769B-4714-93E0-7C93A98D0C0A}.Debug|Any CPU.ActiveCfg = Debug|Any CPU
		{C60AEB20-769B-4714-93E0-7C93A98D0C0A}.Debug|Any CPU.Build.0 = Debug|Any CPU
		{C60AEB20-769B-4714-93E0-7C93A98D0C0A}.Release|Any CPU.ActiveCfg = Release|Any CPU
		{C60AEB20-769B-4714-93E0-7C93A98D0C0A}.Release|Any CPU.Build.0 = Release|Any CPU
		{ED6E15DB-EBDC-443C-AA5C-256A2A7A6D95}.Debug|Any CPU.ActiveCfg = Debug|Any CPU
		{ED6E15DB-EBDC-443C-AA5C-256A2A7A6D95}.Debug|Any CPU.Build.0 = Debug|Any CPU
		{ED6E15DB-EBDC-443C-AA5C-256A2A7A6D95}.Release|Any CPU.ActiveCfg = Release|Any CPU
		{ED6E15DB-EBDC-443C-AA5C-256A2A7A6D95}.Release|Any CPU.Build.0 = Release|Any CPU
	EndGlobalSection
	GlobalSection(SolutionProperties) = preSolution
		HideSolutionNode = FALSE
	EndGlobalSection
	GlobalSection(ExtensibilityGlobals) = postSolution
		SolutionGuid = {50086F4F-846B-49F6-AD14-E7D7DEAA85E7}
	EndGlobalSection
EndGlobal
